
Microsoft Visual Studio Solution File, Format Version 12.00
# Visual Studio Version 16
VisualStudioVersion = 25.0.1704.0
MinimumVisualStudioVersion = 10.0.40219.1
Project("{FAE04EC0-301F-11D3-BF4B-00C04F79EFBC}") = "Webapp", "Webapp.csproj", "{BEA25C9F-190C-442B-BA50-29BA7857332E}"
EndProject
Global
	GlobalSection(SolutionConfigurationPlatforms) = preSolution
		Debug|Any CPU = Debug|Any CPU
		Release|Any CPU = Release|Any CPU
	EndGlobalSection
	GlobalSection(ProjectConfigurationPlatforms) = postSolution
		{BEA25C9F-190C-442B-BA50-29BA7857332E}.Debug|Any CPU.ActiveCfg = Debug|Any CPU
		{BEA25C9F-190C-442B-BA50-29BA7857332E}.Debug|Any CPU.Build.0 = Debug|Any CPU
		{BEA25C9F-190C-442B-BA50-29BA7857332E}.Release|Any CPU.ActiveCfg = Release|Any CPU
		{BEA25C9F-190C-442B-BA50-29BA7857332E}.Release|Any CPU.Build.0 = Release|Any CPU
	EndGlobalSection
	GlobalSection(SolutionProperties) = preSolution
		HideSolutionNode = FALSE
	EndGlobalSection
	GlobalSection(ExtensibilityGlobals) = postSolution
		SolutionGuid = {0AA38954-F6C8-46DF-975B-BB0019FB24A2}
	EndGlobalSection
EndGlobal
